
Microsoft Visual Studio Solution File, Format Version 12.00
# Visual Studio Version 17
VisualStudioVersion = 17.2.32616.157
MinimumVisualStudioVersion = 10.0.40219.1
Project("{FAE04EC0-301F-11D3-BF4B-00C04F79EFBC}") = "Command_IsolateInPlace", "Command_IsolateInPlace\Command_IsolateInPlace.csproj", "{CE393112-C317-442C-ACEC-89F88485435C}"
EndProject
Global
	GlobalSection(SolutionConfigurationPlatforms) = preSolution
		Debug|Any CPU = Debug|Any CPU
		Release|Any CPU = Release|Any CPU
	EndGlobalSection
	GlobalSection(ProjectConfigurationPlatforms) = postSolution
		{CE393112-C317-442C-ACEC-89F88485435C}.Debug|Any CPU.ActiveCfg = Debug|Any CPU
		{CE393112-C317-442C-ACEC-89F88485435C}.Debug|Any CPU.Build.0 = Debug|Any CPU
		{CE393112-C317-442C-ACEC-89F88485435C}.Release|Any CPU.ActiveCfg = Release|Any CPU
		{CE393112-C317-442C-ACEC-89F88485435C}.Release|Any CPU.Build.0 = Release|Any CPU
	EndGlobalSection
	GlobalSection(SolutionProperties) = preSolution
		HideSolutionNode = FALSE
	EndGlobalSection
	GlobalSection(ExtensibilityGlobals) = postSolution
		SolutionGuid = {78BC0076-E504-4DEC-9547-C7227D88D168}
	EndGlobalSection
EndGlobal
